
Microsoft Visual Studio Solution File, Format Version 12.00
# Visual Studio 15
VisualStudioVersion = 15.0.27130.2036
MinimumVisualStudioVersion = 10.0.40219.1
Project("{FAE04EC0-301F-11D3-BF4B-00C04F79EFBC}") = "BaseSample1", "BaseSample1\BaseSample1.csproj", "{BC8853AC-B73E-4C03-A4D2-5C397F7FA019}"
EndProject
Global
	GlobalSection(SolutionConfigurationPlatforms) = preSolution
		Debug|Any CPU = Debug|Any CPU
		Release|Any CPU = Release|Any CPU
	EndGlobalSection
	GlobalSection(ProjectConfigurationPlatforms) = postSolution
		{BC8853AC-B73E-4C03-A4D2-5C397F7FA019}.Debug|Any CPU.ActiveCfg = Debug|Any CPU
		{BC8853AC-B73E-4C03-A4D2-5C397F7FA019}.Debug|Any CPU.Build.0 = Debug|Any CPU
		{BC8853AC-B73E-4C03-A4D2-5C397F7FA019}.Release|Any CPU.ActiveCfg = Release|Any CPU
		{BC8853AC-B73E-4C03-A4D2-5C397F7FA019}.Release|Any CPU.Build.0 = Release|Any CPU
	EndGlobalSection
	GlobalSection(SolutionProperties) = preSolution
		HideSolutionNode = FALSE
	EndGlobalSection
	GlobalSection(ExtensibilityGlobals) = postSolution
		SolutionGuid = {F1B34003-5A3F-42F1-8C6F-32F714978DA0}
	EndGlobalSection
EndGlobal
