
Microsoft Visual Studio Solution File, Format Version 12.00
# Visual Studio 15
VisualStudioVersion = 15.0.27130.2036
MinimumVisualStudioVersion = 10.0.40219.1
Project("{FAE04EC0-301F-11D3-BF4B-00C04F79EFBC}") = "PagingSortingSearch", "PagingSortingSearch\PagingSortingSearch.csproj", "{EAB94638-61F1-4AA7-860A-CAB1F69ED70F}"
EndProject
Global
	GlobalSection(SolutionConfigurationPlatforms) = preSolution
		Debug|Any CPU = Debug|Any CPU
		Release|Any CPU = Release|Any CPU
	EndGlobalSection
	GlobalSection(ProjectConfigurationPlatforms) = postSolution
		{EAB94638-61F1-4AA7-860A-CAB1F69ED70F}.Debug|Any CPU.ActiveCfg = Debug|Any CPU
		{EAB94638-61F1-4AA7-860A-CAB1F69ED70F}.Debug|Any CPU.Build.0 = Debug|Any CPU
		{EAB94638-61F1-4AA7-860A-CAB1F69ED70F}.Release|Any CPU.ActiveCfg = Release|Any CPU
		{EAB94638-61F1-4AA7-860A-CAB1F69ED70F}.Release|Any CPU.Build.0 = Release|Any CPU
	EndGlobalSection
	GlobalSection(SolutionProperties) = preSolution
		HideSolutionNode = FALSE
	EndGlobalSection
	GlobalSection(ExtensibilityGlobals) = postSolution
		SolutionGuid = {8044CCD7-745A-4F27-A37E-29186E86EDC1}
	EndGlobalSection
EndGlobal
