
Microsoft Visual Studio Solution File, Format Version 12.00
# Visual Studio 15
VisualStudioVersion = 15.0.27130.2036
MinimumVisualStudioVersion = 10.0.40219.1
Project("{FAE04EC0-301F-11D3-BF4B-00C04F79EFBC}") = "MVCHashPasswordAndCustomValidator1", "MVCHashPasswordAndCustomValidator1\MVCHashPasswordAndCustomValidator1.csproj", "{DB4D7E20-20C5-4700-A0AE-A72F59D6E2E7}"
EndProject
Project("{00D1A9C2-B5F0-4AF3-8072-F6C62B433612}") = "HashPassword.DB", "HashPassword.DB\HashPassword.DB.sqlproj", "{4CAA7659-C4ED-40C3-B2C0-EB7E705CB9FD}"
EndProject
Project("{FAE04EC0-301F-11D3-BF4B-00C04F79EFBC}") = "DataAccess", "DataAccess\DataAccess.csproj", "{7EF983E6-09A6-4154-B2BC-0A60CDB46830}"
EndProject
Project("{FAE04EC0-301F-11D3-BF4B-00C04F79EFBC}") = "Repositories", "Repositories\Repositories.csproj", "{19CAAE90-16AF-4A6F-865F-818C4FFF1B28}"
EndProject
Global
	GlobalSection(SolutionConfigurationPlatforms) = preSolution
		Debug|Any CPU = Debug|Any CPU
		Release|Any CPU = Release|Any CPU
	EndGlobalSection
	GlobalSection(ProjectConfigurationPlatforms) = postSolution
		{DB4D7E20-20C5-4700-A0AE-A72F59D6E2E7}.Debug|Any CPU.ActiveCfg = Debug|Any CPU
		{DB4D7E20-20C5-4700-A0AE-A72F59D6E2E7}.Debug|Any CPU.Build.0 = Debug|Any CPU
		{DB4D7E20-20C5-4700-A0AE-A72F59D6E2E7}.Release|Any CPU.ActiveCfg = Release|Any CPU
		{DB4D7E20-20C5-4700-A0AE-A72F59D6E2E7}.Release|Any CPU.Build.0 = Release|Any CPU
		{4CAA7659-C4ED-40C3-B2C0-EB7E705CB9FD}.Debug|Any CPU.ActiveCfg = Debug|Any CPU
		{4CAA7659-C4ED-40C3-B2C0-EB7E705CB9FD}.Debug|Any CPU.Build.0 = Debug|Any CPU
		{4CAA7659-C4ED-40C3-B2C0-EB7E705CB9FD}.Debug|Any CPU.Deploy.0 = Debug|Any CPU
		{4CAA7659-C4ED-40C3-B2C0-EB7E705CB9FD}.Release|Any CPU.ActiveCfg = Release|Any CPU
		{4CAA7659-C4ED-40C3-B2C0-EB7E705CB9FD}.Release|Any CPU.Build.0 = Release|Any CPU
		{4CAA7659-C4ED-40C3-B2C0-EB7E705CB9FD}.Release|Any CPU.Deploy.0 = Release|Any CPU
		{7EF983E6-09A6-4154-B2BC-0A60CDB46830}.Debug|Any CPU.ActiveCfg = Debug|Any CPU
		{7EF983E6-09A6-4154-B2BC-0A60CDB46830}.Debug|Any CPU.Build.0 = Debug|Any CPU
		{7EF983E6-09A6-4154-B2BC-0A60CDB46830}.Release|Any CPU.ActiveCfg = Release|Any CPU
		{7EF983E6-09A6-4154-B2BC-0A60CDB46830}.Release|Any CPU.Build.0 = Release|Any CPU
		{19CAAE90-16AF-4A6F-865F-818C4FFF1B28}.Debug|Any CPU.ActiveCfg = Debug|Any CPU
		{19CAAE90-16AF-4A6F-865F-818C4FFF1B28}.Debug|Any CPU.Build.0 = Debug|Any CPU
		{19CAAE90-16AF-4A6F-865F-818C4FFF1B28}.Release|Any CPU.ActiveCfg = Release|Any CPU
		{19CAAE90-16AF-4A6F-865F-818C4FFF1B28}.Release|Any CPU.Build.0 = Release|Any CPU
	EndGlobalSection
	GlobalSection(SolutionProperties) = preSolution
		HideSolutionNode = FALSE
	EndGlobalSection
	GlobalSection(ExtensibilityGlobals) = postSolution
		SolutionGuid = {21BD8B70-8858-4CD3-8EB6-6F80CF733278}
	EndGlobalSection
EndGlobal
