
Microsoft Visual Studio Solution File, Format Version 12.00
# Visual Studio 15
VisualStudioVersion = 15.0.27130.2036
MinimumVisualStudioVersion = 10.0.40219.1
Project("{00D1A9C2-B5F0-4AF3-8072-F6C62B433612}") = "Restaurants.DB", "Restaurants.DB\Restaurants.DB.sqlproj", "{86794C4B-3222-4914-BEE9-3102301E24A0}"
EndProject
Project("{FAE04EC0-301F-11D3-BF4B-00C04F79EFBC}") = "DataAccess", "DataAccess\DataAccess.csproj", "{762C6475-0C59-443D-B369-AEE98AF54D6E}"
EndProject
Project("{FAE04EC0-301F-11D3-BF4B-00C04F79EFBC}") = "Restaurants.Console", "Restaurants.Console\Restaurants.Console.csproj", "{0A6771A2-5CAF-454E-A847-FC6003A5BA28}"
EndProject
Global
	GlobalSection(SolutionConfigurationPlatforms) = preSolution
		Debug|Any CPU = Debug|Any CPU
		Release|Any CPU = Release|Any CPU
	EndGlobalSection
	GlobalSection(ProjectConfigurationPlatforms) = postSolution
		{86794C4B-3222-4914-BEE9-3102301E24A0}.Debug|Any CPU.ActiveCfg = Debug|Any CPU
		{86794C4B-3222-4914-BEE9-3102301E24A0}.Debug|Any CPU.Build.0 = Debug|Any CPU
		{86794C4B-3222-4914-BEE9-3102301E24A0}.Debug|Any CPU.Deploy.0 = Debug|Any CPU
		{86794C4B-3222-4914-BEE9-3102301E24A0}.Release|Any CPU.ActiveCfg = Release|Any CPU
		{86794C4B-3222-4914-BEE9-3102301E24A0}.Release|Any CPU.Build.0 = Release|Any CPU
		{86794C4B-3222-4914-BEE9-3102301E24A0}.Release|Any CPU.Deploy.0 = Release|Any CPU
		{762C6475-0C59-443D-B369-AEE98AF54D6E}.Debug|Any CPU.ActiveCfg = Debug|Any CPU
		{762C6475-0C59-443D-B369-AEE98AF54D6E}.Debug|Any CPU.Build.0 = Debug|Any CPU
		{762C6475-0C59-443D-B369-AEE98AF54D6E}.Release|Any CPU.ActiveCfg = Release|Any CPU
		{762C6475-0C59-443D-B369-AEE98AF54D6E}.Release|Any CPU.Build.0 = Release|Any CPU
		{0A6771A2-5CAF-454E-A847-FC6003A5BA28}.Debug|Any CPU.ActiveCfg = Debug|Any CPU
		{0A6771A2-5CAF-454E-A847-FC6003A5BA28}.Debug|Any CPU.Build.0 = Debug|Any CPU
		{0A6771A2-5CAF-454E-A847-FC6003A5BA28}.Release|Any CPU.ActiveCfg = Release|Any CPU
		{0A6771A2-5CAF-454E-A847-FC6003A5BA28}.Release|Any CPU.Build.0 = Release|Any CPU
	EndGlobalSection
	GlobalSection(SolutionProperties) = preSolution
		HideSolutionNode = FALSE
	EndGlobalSection
	GlobalSection(ExtensibilityGlobals) = postSolution
		SolutionGuid = {A251B8C9-A9D6-4155-890B-303C70F59DD5}
	EndGlobalSection
EndGlobal
