
Microsoft Visual Studio Solution File, Format Version 12.00
# Visual Studio 15
VisualStudioVersion = 15.0.28307.539
MinimumVisualStudioVersion = 10.0.40219.1
Project("{FAE04EC0-301F-11D3-BF4B-00C04F79EFBC}") = "ValidationSample", "ValidationSample\ValidationSample.csproj", "{CF5EB121-882C-4FFD-9A06-64ED6B512591}"
EndProject
Global
	GlobalSection(SolutionConfigurationPlatforms) = preSolution
		Debug|Any CPU = Debug|Any CPU
		Release|Any CPU = Release|Any CPU
	EndGlobalSection
	GlobalSection(ProjectConfigurationPlatforms) = postSolution
		{CF5EB121-882C-4FFD-9A06-64ED6B512591}.Debug|Any CPU.ActiveCfg = Debug|Any CPU
		{CF5EB121-882C-4FFD-9A06-64ED6B512591}.Debug|Any CPU.Build.0 = Debug|Any CPU
		{CF5EB121-882C-4FFD-9A06-64ED6B512591}.Release|Any CPU.ActiveCfg = Release|Any CPU
		{CF5EB121-882C-4FFD-9A06-64ED6B512591}.Release|Any CPU.Build.0 = Release|Any CPU
	EndGlobalSection
	GlobalSection(SolutionProperties) = preSolution
		HideSolutionNode = FALSE
	EndGlobalSection
	GlobalSection(ExtensibilityGlobals) = postSolution
		SolutionGuid = {2E0EED88-35C0-4B26-A7CD-3ACB3E8A9709}
	EndGlobalSection
EndGlobal
